{
  "name": "uiri_clinic",
  "lockfileVersion": 3,
  "requires": true,
  "packages": {
    "": {
      "dependencies": {
        "@iconify-icons/lucide": "^1.2.135"
      }
    },
    "node_modules/@iconify-icons/lucide": {
      "version": "1.2.135",
      "resolved": "https://registry.npmjs.org/@iconify-icons/lucide/-/lucide-1.2.135.tgz",
      "integrity": "sha512-t2Dya1a+PInBmHScbbGyseze7rrGHRW/dYF4GTR6f51N08sCg6KrtE4zmplnZE1ul2NyC+sxKpXRCv48hEgaQw==",
      "license": "ISC",
      "dependencies": {
        "@iconify/types": "*"
      }
    },
    "node_modules/@iconify/types": {
      "version": "2.0.0",
      "resolved": "https://registry.npmjs.org/@iconify/types/-/types-2.0.0.tgz",
      "integrity": "sha512-+wluvCrRhXrhyOmRDJ3q8mux9JkKy5SJ/v8ol2tu4FVjyYvtEzkc/3pK15ET6RKg4b4w4BmTk1+gsCUhf21Ykg==",
      "license": "MIT"
    }
  }
}
